
Microsoft Visual Studio Solution File, Format Version 12.00
# Visual Studio Version 16
VisualStudioVersion = 16.0.28803.202
MinimumVisualStudioVersion = 10.0.40219.1
Project("{FAE04EC0-301F-11D3-BF4B-00C04F79EFBC}") = "kalsens1730ex1b", "kalsens1730ex1b\kalsens1730ex1b.csproj", "{AF2E9FE4-6190-4F66-B45A-9FF7E4827318}"
EndProject
Project("{FAE04EC0-301F-11D3-BF4B-00C04F79EFBC}") = "kalsens1c1", "kalsens1c1\kalsens1c1.csproj", "{48C37DF8-6059-4D25-A086-DEA5837AE6BB}"
EndProject
Project("{FAE04EC0-301F-11D3-BF4B-00C04F79EFBC}") = "kalsens1d1", "kalsens1d1\kalsens1d1.csproj", "{6AE8D009-EE00-4241-A100-D33F34C81A1F}"
EndProject
Project("{FAE04EC0-301F-11D3-BF4B-00C04F79EFBC}") = "kalsens1g1", "kalsens1g1\kalsens1g1.csproj", "{793967F7-D2D6-4A22-BB59-D6C62656B253}"
EndProject
Project("{FAE04EC0-301F-11D3-BF4B-00C04F79EFBC}") = "kalsens1f1", "kalsens1f2\kalsens1f1.csproj", "{B9D91AFE-BC83-4EE9-9FC4-E5CEE497EDD4}"
EndProject
Global
	GlobalSection(SolutionConfigurationPlatforms) = preSolution
		Debug|Any CPU = Debug|Any CPU
		Release|Any CPU = Release|Any CPU
	EndGlobalSection
	GlobalSection(ProjectConfigurationPlatforms) = postSolution
		{AF2E9FE4-6190-4F66-B45A-9FF7E4827318}.Debug|Any CPU.ActiveCfg = Debug|Any CPU
		{AF2E9FE4-6190-4F66-B45A-9FF7E4827318}.Debug|Any CPU.Build.0 = Debug|Any CPU
		{AF2E9FE4-6190-4F66-B45A-9FF7E4827318}.Release|Any CPU.ActiveCfg = Release|Any CPU
		{AF2E9FE4-6190-4F66-B45A-9FF7E4827318}.Release|Any CPU.Build.0 = Release|Any CPU
		{48C37DF8-6059-4D25-A086-DEA5837AE6BB}.Debug|Any CPU.ActiveCfg = Debug|Any CPU
		{48C37DF8-6059-4D25-A086-DEA5837AE6BB}.Debug|Any CPU.Build.0 = Debug|Any CPU
		{48C37DF8-6059-4D25-A086-DEA5837AE6BB}.Release|Any CPU.ActiveCfg = Release|Any CPU
		{48C37DF8-6059-4D25-A086-DEA5837AE6BB}.Release|Any CPU.Build.0 = Release|Any CPU
		{6AE8D009-EE00-4241-A100-D33F34C81A1F}.Debug|Any CPU.ActiveCfg = Debug|Any CPU
		{6AE8D009-EE00-4241-A100-D33F34C81A1F}.Debug|Any CPU.Build.0 = Debug|Any CPU
		{6AE8D009-EE00-4241-A100-D33F34C81A1F}.Release|Any CPU.ActiveCfg = Release|Any CPU
		{6AE8D009-EE00-4241-A100-D33F34C81A1F}.Release|Any CPU.Build.0 = Release|Any CPU
		{793967F7-D2D6-4A22-BB59-D6C62656B253}.Debug|Any CPU.ActiveCfg = Debug|Any CPU
		{793967F7-D2D6-4A22-BB59-D6C62656B253}.Debug|Any CPU.Build.0 = Debug|Any CPU
		{793967F7-D2D6-4A22-BB59-D6C62656B253}.Release|Any CPU.ActiveCfg = Release|Any CPU
		{793967F7-D2D6-4A22-BB59-D6C62656B253}.Release|Any CPU.Build.0 = Release|Any CPU
		{B9D91AFE-BC83-4EE9-9FC4-E5CEE497EDD4}.Debug|Any CPU.ActiveCfg = Debug|Any CPU
		{B9D91AFE-BC83-4EE9-9FC4-E5CEE497EDD4}.Debug|Any CPU.Build.0 = Debug|Any CPU
		{B9D91AFE-BC83-4EE9-9FC4-E5CEE497EDD4}.Release|Any CPU.ActiveCfg = Release|Any CPU
		{B9D91AFE-BC83-4EE9-9FC4-E5CEE497EDD4}.Release|Any CPU.Build.0 = Release|Any CPU
	EndGlobalSection
	GlobalSection(SolutionProperties) = preSolution
		HideSolutionNode = FALSE
	EndGlobalSection
	GlobalSection(ExtensibilityGlobals) = postSolution
		SolutionGuid = {6F893E5C-0955-4B6D-ACEF-AB583D18EB86}
	EndGlobalSection
EndGlobal
